
Microsoft Visual Studio Solution File, Format Version 12.00
# Visual Studio Version 16
VisualStudioVersion = 16.0.31624.102
MinimumVisualStudioVersion = 10.0.40219.1
Project("{FAE04EC0-301F-11D3-BF4B-00C04F79EFBC}") = "ConsoleAppLargerNo", "ConsoleAppLargerNo\ConsoleAppLargerNo.csproj", "{5494AA83-4A55-4007-8668-1187CF2A7C0D}"
EndProject
Global
	GlobalSection(SolutionConfigurationPlatforms) = preSolution
		Debug|Any CPU = Debug|Any CPU
		Release|Any CPU = Release|Any CPU
	EndGlobalSection
	GlobalSection(ProjectConfigurationPlatforms) = postSolution
		{5494AA83-4A55-4007-8668-1187CF2A7C0D}.Debug|Any CPU.ActiveCfg = Debug|Any CPU
		{5494AA83-4A55-4007-8668-1187CF2A7C0D}.Debug|Any CPU.Build.0 = Debug|Any CPU
		{5494AA83-4A55-4007-8668-1187CF2A7C0D}.Release|Any CPU.ActiveCfg = Release|Any CPU
		{5494AA83-4A55-4007-8668-1187CF2A7C0D}.Release|Any CPU.Build.0 = Release|Any CPU
	EndGlobalSection
	GlobalSection(SolutionProperties) = preSolution
		HideSolutionNode = FALSE
	EndGlobalSection
	GlobalSection(ExtensibilityGlobals) = postSolution
		SolutionGuid = {CC4A206E-5464-425F-9D53-90797AF8774B}
	EndGlobalSection
EndGlobal
